
Microsoft Visual Studio Solution File, Format Version 12.00
# Visual Studio 15
VisualStudioVersion = 15.0.28307.136
MinimumVisualStudioVersion = 10.0.40219.1
Project("{9092AA53-FB77-4645-B42D-1CCCA6BD08BD}") = "TempusRecords", "TempusRecords\TempusRecords.njsproj", "{CA5CED8F-5DE5-49C5-A19A-3050000524A9}"
EndProject
Global
	GlobalSection(SolutionConfigurationPlatforms) = preSolution
		Debug|Any CPU = Debug|Any CPU
		Release|Any CPU = Release|Any CPU
	EndGlobalSection
	GlobalSection(ProjectConfigurationPlatforms) = postSolution
		{CA5CED8F-5DE5-49C5-A19A-3050000524A9}.Debug|Any CPU.ActiveCfg = Debug|Any CPU
		{CA5CED8F-5DE5-49C5-A19A-3050000524A9}.Debug|Any CPU.Build.0 = Debug|Any CPU
		{CA5CED8F-5DE5-49C5-A19A-3050000524A9}.Release|Any CPU.ActiveCfg = Release|Any CPU
		{CA5CED8F-5DE5-49C5-A19A-3050000524A9}.Release|Any CPU.Build.0 = Release|Any CPU
	EndGlobalSection
	GlobalSection(SolutionProperties) = preSolution
		HideSolutionNode = FALSE
	EndGlobalSection
	GlobalSection(ExtensibilityGlobals) = postSolution
		SolutionGuid = {0F012E74-0BD6-4753-8F89-0E124065CDEB}
	EndGlobalSection
EndGlobal
